
Microsoft Visual Studio Solution File, Format Version 12.00
# Visual Studio Version 16
VisualStudioVersion = 16.0.31105.61
MinimumVisualStudioVersion = 10.0.40219.1
Project("{FAE04EC0-301F-11D3-BF4B-00C04F79EFBC}") = "MemoryGame", "MemoryGame.csproj", "{176C8CA3-9B3A-47FF-8EEB-6C0DEB2A9D7C}"
EndProject
Global
	GlobalSection(SolutionConfigurationPlatforms) = preSolution
		Debug|Any CPU = Debug|Any CPU
		Release|Any CPU = Release|Any CPU
	EndGlobalSection
	GlobalSection(ProjectConfigurationPlatforms) = postSolution
		{176C8CA3-9B3A-47FF-8EEB-6C0DEB2A9D7C}.Debug|Any CPU.ActiveCfg = Debug|Any CPU
		{176C8CA3-9B3A-47FF-8EEB-6C0DEB2A9D7C}.Debug|Any CPU.Build.0 = Debug|Any CPU
		{176C8CA3-9B3A-47FF-8EEB-6C0DEB2A9D7C}.Release|Any CPU.ActiveCfg = Release|Any CPU
		{176C8CA3-9B3A-47FF-8EEB-6C0DEB2A9D7C}.Release|Any CPU.Build.0 = Release|Any CPU
	EndGlobalSection
	GlobalSection(SolutionProperties) = preSolution
		HideSolutionNode = FALSE
	EndGlobalSection
	GlobalSection(ExtensibilityGlobals) = postSolution
		SolutionGuid = {092BA4E3-658F-4FD0-8EA3-0F401B471C58}
	EndGlobalSection
EndGlobal
